// !$*UTF8*$!
{
	archiveVersion = 1;
	classes = {
	};
	objectVersion = 48;
	objects = {

/* Begin PBXBuildFile section */
		18C7C36756FB5FEB0A1CA423 /* Pods_ChartsDemo.framework in Frameworks */ = {isa = PBXBuildFile; fileRef = 28523FAD238B86934D97B973 /* Pods_ChartsDemo.framework */; };
		B361DDF01FDBDDEE009D2413 /* BarChartViewController.swift in Sources */ = {isa = PBXBuildFile; fileRef = B361DDEF1FDBDDEE009D2413 /* BarChartViewController.swift */; };
		B361DDF21FDBDE56009D2413 /* BarViewMap.swift in Sources */ = {isa = PBXBuildFile; fileRef = B361DDF11FDBDE56009D2413 /* BarViewMap.swift */; };
		B361DDF41FDBEB31009D2413 /* LineChartViewController.swift in Sources */ = {isa = PBXBuildFile; fileRef = B361DDF31FDBEB31009D2413 /* LineChartViewController.swift */; };
		B36221B21FDBD4CF003DB5F4 /* AppDelegate.swift in Sources */ = {isa = PBXBuildFile; fileRef = B36221B11FDBD4CF003DB5F4 /* AppDelegate.swift */; };
		B36221B41FDBD4CF003DB5F4 /* ViewController.swift in Sources */ = {isa = PBXBuildFile; fileRef = B36221B31FDBD4CF003DB5F4 /* ViewController.swift */; };
		B36221B71FDBD4CF003DB5F4 /* Main.storyboard in Resources */ = {isa = PBXBuildFile; fileRef = B36221B51FDBD4CF003DB5F4 /* Main.storyboard */; };
		B36221B91FDBD4CF003DB5F4 /* Assets.xcassets in Resources */ = {isa = PBXBuildFile; fileRef = B36221B81FDBD4CF003DB5F4 /* Assets.xcassets */; };
		B36221BC1FDBD4CF003DB5F4 /* LaunchScreen.storyboard in Resources */ = {isa = PBXBuildFile; fileRef = B36221BA1FDBD4CF003DB5F4 /* LaunchScreen.storyboard */; };
/* End PBXBuildFile section */

/* Begin PBXFileReference section */
		12CC1BD13A0724967E72CC48 /* Pods-ChartsDemo.debug.xcconfig */ = {isa = PBXFileReference; includeInIndex = 1; lastKnownFileType = text.xcconfig; name = "Pods-ChartsDemo.debug.xcconfig"; path = "Pods/Target Support Files/Pods-ChartsDemo/Pods-ChartsDemo.debug.xcconfig"; sourceTree = "<group>"; };
		28523FAD238B86934D97B973 /* Pods_ChartsDemo.framework */ = {isa = PBXFileReference; explicitFileType = wrapper.framework; includeInIndex = 0; path = Pods_ChartsDemo.framework; sourceTree = BUILT_PRODUCTS_DIR; };
		B361DDEF1FDBDDEE009D2413 /* BarChartViewController.swift */ = {isa = PBXFileReference; lastKnownFileType = sourcecode.swift; path = BarChartViewController.swift; sourceTree = "<group>"; };
		B361DDF11FDBDE56009D2413 /* BarViewMap.swift */ = {isa = PBXFileReference; lastKnownFileType = sourcecode.swift; path = BarViewMap.swift; sourceTree = "<group>"; };
		B361DDF31FDBEB31009D2413 /* LineChartViewController.swift */ = {isa = PBXFileReference; lastKnownFileType = sourcecode.swift; path = LineChartViewController.swift; sourceTree = "<group>"; };
		B36221AE1FDBD4CF003DB5F4 /* ChartsDemo.app */ = {isa = PBXFileReference; explicitFileType = wrapper.application; includeInIndex = 0; path = ChartsDemo.app; sourceTree = BUILT_PRODUCTS_DIR; };
		B36221B11FDBD4CF003DB5F4 /* AppDelegate.swift */ = {isa = PBXFileReference; lastKnownFileType = sourcecode.swift; path = AppDelegate.swift; sourceTree = "<group>"; };
		B36221B31FDBD4CF003DB5F4 /* ViewController.swift */ = {isa = PBXFileReference; lastKnownFileType = sourcecode.swift; path = ViewController.swift; sourceTree = "<group>"; };
		B36221B61FDBD4CF003DB5F4 /* Base */ = {isa = PBXFileReference; lastKnownFileType = file.storyboard; name = Base; path = Base.lproj/Main.storyboard; sourceTree = "<group>"; };
		B36221B81FDBD4CF003DB5F4 /* Assets.xcassets */ = {isa = PBXFileReference; lastKnownFileType = folder.assetcatalog; path = Assets.xcassets; sourceTree = "<group>"; };
		B36221BB1FDBD4CF003DB5F4 /* Base */ = {isa = PBXFileReference; lastKnownFileType = file.storyboard; name = Base; path = Base.lproj/LaunchScreen.storyboard; sourceTree = "<group>"; };
		B36221BD1FDBD4CF003DB5F4 /* Info.plist */ = {isa = PBXFileReference; lastKnownFileType = text.plist.xml; path = Info.plist; sourceTree = "<group>"; };
		EFEA89B87DFEB5EE20CCFA0E /* Pods-ChartsDemo.release.xcconfig */ = {isa = PBXFileReference; includeInIndex = 1; lastKnownFileType = text.xcconfig; name = "Pods-ChartsDemo.release.xcconfig"; path = "Pods/Target Support Files/Pods-ChartsDemo/Pods-ChartsDemo.release.xcconfig"; sourceTree = "<group>"; };
/* End PBXFileReference section */

/* Begin PBXFrameworksBuildPhase section */
		B36221AB1FDBD4CF003DB5F4 /* Frameworks */ = {
			isa = PBXFrameworksBuildPhase;
			buildActionMask = 2147483647;
			files = (
				18C7C36756FB5FEB0A1CA423 /* Pods_ChartsDemo.framework in Frameworks */,
			);
			runOnlyForDeploymentPostprocessing = 0;
		};
/* End PBXFrameworksBuildPhase section */

/* Begin PBXGroup section */
		01ADA51C1987F560F14CE735 /* Pods */ = {
			isa = PBXGroup;
			children = (
				12CC1BD13A0724967E72CC48 /* Pods-ChartsDemo.debug.xcconfig */,
				EFEA89B87DFEB5EE20CCFA0E /* Pods-ChartsDemo.release.xcconfig */,
			);
			name = Pods;
			sourceTree = "<group>";
		};
		A77B55A918B97E73BE48816E /* Frameworks */ = {
			isa = PBXGroup;
			children = (
				28523FAD238B86934D97B973 /* Pods_ChartsDemo.framework */,
			);
			name = Frameworks;
			sourceTree = "<group>";
		};
		B36221A51FDBD4CF003DB5F4 = {
			isa = PBXGroup;
			children = (
				B36221B01FDBD4CF003DB5F4 /* ChartsDemo */,
				B36221AF1FDBD4CF003DB5F4 /* Products */,
				01ADA51C1987F560F14CE735 /* Pods */,
				A77B55A918B97E73BE48816E /* Frameworks */,
			);
			sourceTree = "<group>";
		};
		B36221AF1FDBD4CF003DB5F4 /* Products */ = {
			isa = PBXGroup;
			children = (
				B36221AE1FDBD4CF003DB5F4 /* ChartsDemo.app */,
			);
			name = Products;
			sourceTree = "<group>";
		};
		B36221B01FDBD4CF003DB5F4 /* ChartsDemo */ = {
			isa = PBXGroup;
			children = (
				B36221B11FDBD4CF003DB5F4 /* AppDelegate.swift */,
				B36221B31FDBD4CF003DB5F4 /* ViewController.swift */,
				B36221B51FDBD4CF003DB5F4 /* Main.storyboard */,
				B36221B81FDBD4CF003DB5F4 /* Assets.xcassets */,
				B36221BA1FDBD4CF003DB5F4 /* LaunchScreen.storyboard */,
				B36221BD1FDBD4CF003DB5F4 /* Info.plist */,
				B361DDEF1FDBDDEE009D2413 /* BarChartViewController.swift */,
				B361DDF11FDBDE56009D2413 /* BarViewMap.swift */,
				B361DDF31FDBEB31009D2413 /* LineChartViewController.swift */,
			);
			path = ChartsDemo;
			sourceTree = "<group>";
		};
/* End PBXGroup section */

/* Begin PBXNativeTarget section */
		B36221AD1FDBD4CF003DB5F4 /* ChartsDemo */ = {
			isa = PBXNativeTarget;
			buildConfigurationList = B36221C01FDBD4CF003DB5F4 /* Build configuration list for PBXNativeTarget "ChartsDemo" */;
			buildPhases = (
				0E3DC51EA9E7449C52F6C6F0 /* [CP] Check Pods Manifest.lock */,
				B36221AA1FDBD4CF003DB5F4 /* Sources */,
				B36221AB1FDBD4CF003DB5F4 /* Frameworks */,
				B36221AC1FDBD4CF003DB5F4 /* Resources */,
				D2C51B3CAA2EA00AE88923CC /* [CP] Embed Pods Frameworks */,
				3650935E5CB754F559E4AB31 /* [CP] Copy Pods Resources */,
			);
			buildRules = (
			);
			dependencies = (
			);
			name = ChartsDemo;
			productName = ChartsDemo;
			productReference = B36221AE1FDBD4CF003DB5F4 /* ChartsDemo.app */;
			productType = "com.apple.product-type.application";
		};
/* End PBXNativeTarget section */

/* Begin PBXProject section */
		B36221A61FDBD4CF003DB5F4 /* Project object */ = {
			isa = PBXProject;
			attributes = {
				LastSwiftUpdateCheck = 0910;
				LastUpgradeCheck = 0910;
				ORGANIZATIONNAME = zeeshan;
				TargetAttributes = {
					B36221AD1FDBD4CF003DB5F4 = {
						CreatedOnToolsVersion = 9.1;
						ProvisioningStyle = Automatic;
					};
				};
			};
			buildConfigurationList = B36221A91FDBD4CF003DB5F4 /* Build configuration list for PBXProject "ChartsDemo" */;
			compatibilityVersion = "Xcode 8.0";
			developmentRegion = en;
			hasScannedForEncodings = 0;
			knownRegions = (
				en,
				Base,
			);
			mainGroup = B36221A51FDBD4CF003DB5F4;
			productRefGroup = B36221AF1FDBD4CF003DB5F4 /* Products */;
			projectDirPath = "";
			projectRoot = "";
			targets = (
				B36221AD1FDBD4CF003DB5F4 /* ChartsDemo */,
			);
		};
/* End PBXProject section */

/* Begin PBXResourcesBuildPhase section */
		B36221AC1FDBD4CF003DB5F4 /* Resources */ = {
			isa = PBXResourcesBuildPhase;
			buildActionMask = 2147483647;
			files = (
				B36221BC1FDBD4CF003DB5F4 /* LaunchScreen.storyboard in Resources */,
				B36221B91FDBD4CF003DB5F4 /* Assets.xcassets in Resources */,
				B36221B71FDBD4CF003DB5F4 /* Main.storyboard in Resources */,
			);
			runOnlyForDeploymentPostprocessing = 0;
		};
/* End PBXResourcesBuildPhase section */

/* Begin PBXShellScriptBuildPhase section */
		0E3DC51EA9E7449C52F6C6F0 /* [CP] Check Pods Manifest.lock */ = {
			isa = PBXShellScriptBuildPhase;
			buildActionMask = 2147483647;
			files = (
			);
			inputPaths = (
				"${PODS_PODFILE_DIR_PATH}/Podfile.lock",
				"${PODS_ROOT}/Manifest.lock",
			);
			name = "[CP] Check Pods Manifest.lock";
			outputPaths = (
				"$(DERIVED_FILE_DIR)/Pods-ChartsDemo-checkManifestLockResult.txt",
			);
			runOnlyForDeploymentPostprocessing = 0;
			shellPath = /bin/sh;
			shellScript = "diff \"${PODS_PODFILE_DIR_PATH}/Podfile.lock\" \"${PODS_ROOT}/Manifest.lock\" > /dev/null\nif [ $? != 0 ] ; then\n    # print error to STDERR\n    echo \"error: The sandbox is not in sync with the Podfile.lock. Run 'pod install' or update your CocoaPods installation.\" >&2\n    exit 1\nfi\n# This output is used by Xcode 'outputs' to avoid re-running this script phase.\necho \"SUCCESS\" > \"${SCRIPT_OUTPUT_FILE_0}\"\n";
			showEnvVarsInLog = 0;
		};
		3650935E5CB754F559E4AB31 /* [CP] Copy Pods Resources */ = {
			isa = PBXShellScriptBuildPhase;
			buildActionMask = 2147483647;
			files = (
			);
			inputPaths = (
			);
			name = "[CP] Copy Pods Resources";
			outputPaths = (
			);
			runOnlyForDeploymentPostprocessing = 0;
			shellPath = /bin/sh;
			shellScript = "\"${SRCROOT}/Pods/Target Support Files/Pods-ChartsDemo/Pods-ChartsDemo-resources.sh\"\n";
			showEnvVarsInLog = 0;
		};
		D2C51B3CAA2EA00AE88923CC /* [CP] Embed Pods Frameworks */ = {
			isa = PBXShellScriptBuildPhase;
			buildActionMask = 2147483647;
			files = (
			);
			inputPaths = (
				"${SRCROOT}/Pods/Target Support Files/Pods-ChartsDemo/Pods-ChartsDemo-frameworks.sh",
				"${BUILT_PRODUCTS_DIR}/Charts/Charts.framework",
			);
			name = "[CP] Embed Pods Frameworks";
			outputPaths = (
				"${TARGET_BUILD_DIR}/${FRAMEWORKS_FOLDER_PATH}/Charts.framework",
			);
			runOnlyForDeploymentPostprocessing = 0;
			shellPath = /bin/sh;
			shellScript = "\"${SRCROOT}/Pods/Target Support Files/Pods-ChartsDemo/Pods-ChartsDemo-frameworks.sh\"\n";
			showEnvVarsInLog = 0;
		};
/* End PBXShellScriptBuildPhase section */

/* Begin PBXSourcesBuildPhase section */
		B36221AA1FDBD4CF003DB5F4 /* Sources */ = {
			isa = PBXSourcesBuildPhase;
			buildActionMask = 2147483647;
			files = (
				B36221B41FDBD4CF003DB5F4 /* ViewController.swift in Sources */,
				B361DDF21FDBDE56009D2413 /* BarViewMap.swift in Sources */,
				B36221B21FDBD4CF003DB5F4 /* AppDelegate.swift in Sources */,
				B361DDF01FDBDDEE009D2413 /* BarChartViewController.swift in Sources */,
				B361DDF41FDBEB31009D2413 /* LineChartViewController.swift in Sources */,
			);
			runOnlyForDeploymentPostprocessing = 0;
		};
/* End PBXSourcesBuildPhase section */

/* Begin PBXVariantGroup section */
		B36221B51FDBD4CF003DB5F4 /* Main.storyboard */ = {
			isa = PBXVariantGroup;
			children = (
				B36221B61FDBD4CF003DB5F4 /* Base */,
			);
			name = Main.storyboard;
			sourceTree = "<group>";
		};
		B36221BA1FDBD4CF003DB5F4 /* LaunchScreen.storyboard */ = {
			isa = PBXVariantGroup;
			children = (
				B36221BB1FDBD4CF003DB5F4 /* Base */,
			);
			name = LaunchScreen.storyboard;
			sourceTree = "<group>";
		};
/* End PBXVariantGroup section */

/* Begin XCBuildConfiguration section */
		B36221BE1FDBD4CF003DB5F4 /* Debug */ = {
			isa = XCBuildConfiguration;
			buildSettings = {
				ALWAYS_SEARCH_USER_PATHS = NO;
				CLANG_ANALYZER_NONNULL = YES;
				CLANG_ANALYZER_NUMBER_OBJECT_CONVERSION = YES_AGGRESSIVE;
				CLANG_CXX_LANGUAGE_STANDARD = "gnu++14";
				CLANG_CXX_LIBRARY = "libc++";
				CLANG_ENABLE_MODULES = YES;
				CLANG_ENABLE_OBJC_ARC = YES;
				CLANG_WARN_BLOCK_CAPTURE_AUTORELEASING = YES;
				CLANG_WARN_BOOL_CONVERSION = YES;
				CLANG_WARN_COMMA = YES;
				CLANG_WARN_CONSTANT_CONVERSION = YES;
				CLANG_WARN_DIRECT_OBJC_ISA_USAGE = YES_ERROR;
				CLANG_WARN_DOCUMENTATION_COMMENTS = YES;
				CLANG_WARN_EMPTY_BODY = YES;
				CLANG_WARN_ENUM_CONVERSION = YES;
				CLANG_WARN_INFINITE_RECURSION = YES;
				CLANG_WARN_INT_CONVERSION = YES;
				CLANG_WARN_NON_LITERAL_NULL_CONVERSION = YES;
				CLANG_WARN_OBJC_LITERAL_CONVERSION = YES;
				CLANG_WARN_OBJC_ROOT_CLASS = YES_ERROR;
				CLANG_WARN_RANGE_LOOP_ANALYSIS = YES;
				CLANG_WARN_STRICT_PROTOTYPES = YES;
				CLANG_WARN_SUSPICIOUS_MOVE = YES;
				CLANG_WARN_UNGUARDED_AVAILABILITY = YES_AGGRESSIVE;
				CLANG_WARN_UNREACHABLE_CODE = YES;
				CLANG_WARN__DUPLICATE_METHOD_MATCH = YES;
				CODE_SIGN_IDENTITY = "iPhone Developer";
				COPY_PHASE_STRIP = NO;
				DEBUG_INFORMATION_FORMAT = dwarf;
				ENABLE_STRICT_OBJC_MSGSEND = YES;
				ENABLE_TESTABILITY = YES;
				GCC_C_LANGUAGE_STANDARD = gnu11;
				GCC_DYNAMIC_NO_PIC = NO;
				GCC_NO_COMMON_BLOCKS = YES;
				GCC_OPTIMIZATION_LEVEL = 0;
				GCC_PREPROCESSOR_DEFINITIONS = (
					"DEBUG=1",
					"$(inherited)",
				);
				GCC_WARN_64_TO_32_BIT_CONVERSION = YES;
				GCC_WARN_ABOUT_RETURN_TYPE = YES_ERROR;
				GCC_WARN_UNDECLARED_SELECTOR = YES;
				GCC_WARN_UNINITIALIZED_AUTOS = YES_AGGRESSIVE;
				GCC_WARN_UNUSED_FUNCTION = YES;
				GCC_WARN_UNUSED_VARIABLE = YES;
				IPHONEOS_DEPLOYMENT_TARGET = 11.1;
				MTL_ENABLE_DEBUG_INFO = YES;
				ONLY_ACTIVE_ARCH = YES;
				SDKROOT = iphoneos;
				SWIFT_ACTIVE_COMPILATION_CONDITIONS = DEBUG;
				SWIFT_OPTIMIZATION_LEVEL = "-Onone";
			};
			name = Debug;
		};
		B36221BF1FDBD4CF003DB5F4 /* Release */ = {
			isa = XCBuildConfiguration;
			buildSettings = {
				ALWAYS_SEARCH_USER_PATHS = NO;
				CLANG_ANALYZER_NONNULL = YES;
				CLANG_ANALYZER_NUMBER_OBJECT_CONVERSION = YES_AGGRESSIVE;
				CLANG_CXX_LANGUAGE_STANDARD = "gnu++14";
				CLANG_CXX_LIBRARY = "libc++";
				CLANG_ENABLE_MODULES = YES;
				CLANG_ENABLE_OBJC_ARC = YES;
				CLANG_WARN_BLOCK_CAPTURE_AUTORELEASING = YES;
				CLANG_WARN_BOOL_CONVERSION = YES;
				CLANG_WARN_COMMA = YES;
				CLANG_WARN_CONSTANT_CONVERSION = YES;
				CLANG_WARN_DIRECT_OBJC_ISA_USAGE = YES_ERROR;
				CLANG_WARN_DOCUMENTATION_COMMENTS = YES;
				CLANG_WARN_EMPTY_BODY = YES;
				CLANG_WARN_ENUM_CONVERSION = YES;
				CLANG_WARN_INFINITE_RECURSION = YES;
				CLANG_WARN_INT_CONVERSION = YES;
				CLANG_WARN_NON_LITERAL_NULL_CONVERSION = YES;
				CLANG_WARN_OBJC_LITERAL_CONVERSION = YES;
				CLANG_WARN_OBJC_ROOT_CLASS = YES_ERROR;
				CLANG_WARN_RANGE_LOOP_ANALYSIS = YES;
				CLANG_WARN_STRICT_PROTOTYPES = YES;
				CLANG_WARN_SUSPICIOUS_MOVE = YES;
				CLANG_WARN_UNGUARDED_AVAILABILITY = YES_AGGRESSIVE;
				CLANG_WARN_UNREACHABLE_CODE = YES;
				CLANG_WARN__DUPLICATE_METHOD_MATCH = YES;
				CODE_SIGN_IDENTITY = "iPhone Developer";
				COPY_PHASE_STRIP = NO;
				DEBUG_INFORMATION_FORMAT = "dwarf-with-dsym";
				ENABLE_NS_ASSERTIONS = NO;
				ENABLE_STRICT_OBJC_MSGSEND = YES;
				GCC_C_LANGUAGE_STANDARD = gnu11;
				GCC_NO_COMMON_BLOCKS = YES;
				GCC_WARN_64_TO_32_BIT_CONVERSION = YES;
				GCC_WARN_ABOUT_RETURN_TYPE = YES_ERROR;
				GCC_WARN_UNDECLARED_SELECTOR = YES;
				GCC_WARN_UNINITIALIZED_AUTOS = YES_AGGRESSIVE;
				GCC_WARN_UNUSED_FUNCTION = YES;
				GCC_WARN_UNUSED_VARIABLE = YES;
				IPHONEOS_DEPLOYMENT_TARGET = 11.1;
				MTL_ENABLE_DEBUG_INFO = NO;
				SDKROOT = iphoneos;
				SWIFT_OPTIMIZATION_LEVEL = "-Owholemodule";
				VALIDATE_PRODUCT = YES;
			};
			name = Release;
		};
		B36221C11FDBD4CF003DB5F4 /* Debug */ = {
			isa = XCBuildConfiguration;
			baseConfigurationReference = 12CC1BD13A0724967E72CC48 /* Pods-ChartsDemo.debug.xcconfig */;
			buildSettings = {
				ASSETCATALOG_COMPILER_APPICON_NAME = AppIcon;
				CODE_SIGN_STYLE = Automatic;
				INFOPLIST_FILE = ChartsDemo/Info.plist;
				LD_RUNPATH_SEARCH_PATHS = "$(inherited) @executable_path/Frameworks";
				PRODUCT_BUNDLE_IDENTIFIER = com..ChartsDemo;
				PRODUCT_NAME = "$(TARGET_NAME)";
				SWIFT_VERSION = 4.0;
				TARGETED_DEVICE_FAMILY = "1,2";
			};
			name = Debug;
		};
		B36221C21FDBD4CF003DB5F4 /* Release */ = {
			isa = XCBuildConfiguration;
			baseConfigurationReference = EFEA89B87DFEB5EE20CCFA0E /* Pods-ChartsDemo.release.xcconfig */;
			buildSettings = {
				ASSETCATALOG_COMPILER_APPICON_NAME = AppIcon;
				CODE_SIGN_STYLE = Automatic;
				INFOPLIST_FILE = ChartsDemo/Info.plist;
				LD_RUNPATH_SEARCH_PATHS = "$(inherited) @executable_path/Frameworks";
				PRODUCT_BUNDLE_IDENTIFIER = com..ChartsDemo;
				PRODUCT_NAME = "$(TARGET_NAME)";
				SWIFT_VERSION = 4.0;
				TARGETED_DEVICE_FAMILY = "1,2";
			};
			name = Release;
		};
/* End XCBuildConfiguration section */

/* Begin XCConfigurationList section */
		B36221A91FDBD4CF003DB5F4 /* Build configuration list for PBXProject "ChartsDemo" */ = {
			isa = XCConfigurationList;
			buildConfigurations = (
				B36221BE1FDBD4CF003DB5F4 /* Debug */,
				B36221BF1FDBD4CF003DB5F4 /* Release */,
			);
			defaultConfigurationIsVisible = 0;
			defaultConfigurationName = Release;
		};
		B36221C01FDBD4CF003DB5F4 /* Build configuration list for PBXNativeTarget "ChartsDemo" */ = {
			isa = XCConfigurationList;
			buildConfigurations = (
				B36221C11FDBD4CF003DB5F4 /* Debug */,
				B36221C21FDBD4CF003DB5F4 /* Release */,
			);
			defaultConfigurationIsVisible = 0;
			defaultConfigurationName = Release;
		};
/* End XCConfigurationList section */
	};
	rootObject = B36221A61FDBD4CF003DB5F4 /* Project object */;
}
